// !$*UTF8*$!
{
	archiveVersion = 1;
	classes = {
	};
	objectVersion = 46;
	objects = {

/* Begin PBXBuildFile section */
		03D976D61D2CD9F3000AEFA2 /* AppDelegate.swift in Sources */ = {isa = PBXBuildFile; fileRef = 03D976D51D2CD9F3000AEFA2 /* AppDelegate.swift */; };
		03D976D81D2CD9F3000AEFA2 /* ViewController.swift in Sources */ = {isa = PBXBuildFile; fileRef = 03D976D71D2CD9F3000AEFA2 /* ViewController.swift */; };
		03D976DB1D2CD9F3000AEFA2 /* Main.storyboard in Resources */ = {isa = PBXBuildFile; fileRef = 03D976D91D2CD9F3000AEFA2 /* Main.storyboard */; };
		03D976DE1D2CD9F3000AEFA2 /* MAMA.xcdatamodeld in Sources */ = {isa = PBXBuildFile; fileRef = 03D976DC1D2CD9F3000AEFA2 /* MAMA.xcdatamodeld */; };
		03D976E01D2CD9F3000AEFA2 /* Assets.xcassets in Resources */ = {isa = PBXBuildFile; fileRef = 03D976DF1D2CD9F3000AEFA2 /* Assets.xcassets */; };
		03D976E31D2CD9F3000AEFA2 /* LaunchScreen.storyboard in Resources */ = {isa = PBXBuildFile; fileRef = 03D976E11D2CD9F3000AEFA2 /* LaunchScreen.storyboard */; };
/* End PBXBuildFile section */

/* Begin PBXFileReference section */
		03D976D21D2CD9F3000AEFA2 /* MAMA.app */ = {isa = PBXFileReference; explicitFileType = wrapper.application; includeInIndex = 0; path = MAMA.app; sourceTree = BUILT_PRODUCTS_DIR; };
		03D976D51D2CD9F3000AEFA2 /* AppDelegate.swift */ = {isa = PBXFileReference; lastKnownFileType = sourcecode.swift; path = AppDelegate.swift; sourceTree = "<group>"; };
		03D976D71D2CD9F3000AEFA2 /* ViewController.swift */ = {isa = PBXFileReference; lastKnownFileType = sourcecode.swift; path = ViewController.swift; sourceTree = "<group>"; };
		03D976DA1D2CD9F3000AEFA2 /* Base */ = {isa = PBXFileReference; lastKnownFileType = file.storyboard; name = Base; path = Base.lproj/Main.storyboard; sourceTree = "<group>"; };
		03D976DD1D2CD9F3000AEFA2 /* MAMA.xcdatamodel */ = {isa = PBXFileReference; lastKnownFileType = wrapper.xcdatamodel; path = MAMA.xcdatamodel; sourceTree = "<group>"; };
		03D976DF1D2CD9F3000AEFA2 /* Assets.xcassets */ = {isa = PBXFileReference; lastKnownFileType = folder.assetcatalog; path = Assets.xcassets; sourceTree = "<group>"; };
		03D976E21D2CD9F3000AEFA2 /* Base */ = {isa = PBXFileReference; lastKnownFileType = file.storyboard; name = Base; path = Base.lproj/LaunchScreen.storyboard; sourceTree = "<group>"; };
		03D976E41D2CD9F3000AEFA2 /* Info.plist */ = {isa = PBXFileReference; lastKnownFileType = text.plist.xml; path = Info.plist; sourceTree = "<group>"; };
/* End PBXFileReference section */

/* Begin PBXFrameworksBuildPhase section */
		03D976CF1D2CD9F3000AEFA2 /* Frameworks */ = {
			isa = PBXFrameworksBuildPhase;
			buildActionMask = 2147483647;
			files = (
			);
			runOnlyForDeploymentPostprocessing = 0;
		};
/* End PBXFrameworksBuildPhase section */

/* Begin PBXGroup section */
		03D976C91D2CD9F3000AEFA2 = {
			isa = PBXGroup;
			children = (
				03D976D41D2CD9F3000AEFA2 /* MAMA */,
				03D976D31D2CD9F3000AEFA2 /* Products */,
			);
			sourceTree = "<group>";
		};
		03D976D31D2CD9F3000AEFA2 /* Products */ = {
			isa = PBXGroup;
			children = (
				03D976D21D2CD9F3000AEFA2 /* MAMA.app */,
			);
			name = Products;
			sourceTree = "<group>";
		};
		03D976D41D2CD9F3000AEFA2 /* MAMA */ = {
			isa = PBXGroup;
			children = (
				03D976D51D2CD9F3000AEFA2 /* AppDelegate.swift */,
				03D976D71D2CD9F3000AEFA2 /* ViewController.swift */,
				03D976D91D2CD9F3000AEFA2 /* Main.storyboard */,
				03D976DF1D2CD9F3000AEFA2 /* Assets.xcassets */,
				03D976E11D2CD9F3000AEFA2 /* LaunchScreen.storyboard */,
				03D976E41D2CD9F3000AEFA2 /* Info.plist */,
				03D976DC1D2CD9F3000AEFA2 /* MAMA.xcdatamodeld */,
			);
			path = MAMA;
			sourceTree = "<group>";
		};
/* End PBXGroup section */

/* Begin PBXNativeTarget section */
		03D976D11D2CD9F3000AEFA2 /* MAMA */ = {
			isa = PBXNativeTarget;
			buildConfigurationList = 03D976E71D2CD9F3000AEFA2 /* Build configuration list for PBXNativeTarget "MAMA" */;
			buildPhases = (
				03D976CE1D2CD9F3000AEFA2 /* Sources */,
				03D976CF1D2CD9F3000AEFA2 /* Frameworks */,
				03D976D01D2CD9F3000AEFA2 /* Resources */,
			);
			buildRules = (
			);
			dependencies = (
			);
			name = MAMA;
			productName = MAMA;
			productReference = 03D976D21D2CD9F3000AEFA2 /* MAMA.app */;
			productType = "com.apple.product-type.application";
		};
/* End PBXNativeTarget section */

/* Begin PBXProject section */
		03D976CA1D2CD9F3000AEFA2 /* Project object */ = {
			isa = PBXProject;
			attributes = {
				LastSwiftUpdateCheck = 0730;
				LastUpgradeCheck = 0730;
				ORGANIZATIONNAME = xionghuanxin;
				TargetAttributes = {
					03D976D11D2CD9F3000AEFA2 = {
						CreatedOnToolsVersion = 7.3.1;
						DevelopmentTeam = PBRT9CT95H;
					};
				};
			};
			buildConfigurationList = 03D976CD1D2CD9F3000AEFA2 /* Build configuration list for PBXProject "MAMA" */;
			compatibilityVersion = "Xcode 3.2";
			developmentRegion = English;
			hasScannedForEncodings = 0;
			knownRegions = (
				en,
				Base,
			);
			mainGroup = 03D976C91D2CD9F3000AEFA2;
			productRefGroup = 03D976D31D2CD9F3000AEFA2 /* Products */;
			projectDirPath = "";
			projectRoot = "";
			targets = (
				03D976D11D2CD9F3000AEFA2 /* MAMA */,
			);
		};
/* End PBXProject section */

/* Begin PBXResourcesBuildPhase section */
		03D976D01D2CD9F3000AEFA2 /* Resources */ = {
			isa = PBXResourcesBuildPhase;
			buildActionMask = 2147483647;
			files = (
				03D976E31D2CD9F3000AEFA2 /* LaunchScreen.storyboard in Resources */,
				03D976E01D2CD9F3000AEFA2 /* Assets.xcassets in Resources */,
				03D976DB1D2CD9F3000AEFA2 /* Main.storyboard in Resources */,
			);
			runOnlyForDeploymentPostprocessing = 0;
		};
/* End PBXResourcesBuildPhase section */

/* Begin PBXSourcesBuildPhase section */
		03D976CE1D2CD9F3000AEFA2 /* Sources */ = {
			isa = PBXSourcesBuildPhase;
			buildActionMask = 2147483647;
			files = (
				03D976D81D2CD9F3000AEFA2 /* ViewController.swift in Sources */,
				03D976DE1D2CD9F3000AEFA2 /* MAMA.xcdatamodeld in Sources */,
				03D976D61D2CD9F3000AEFA2 /* AppDelegate.swift in Sources */,
			);
			runOnlyForDeploymentPostprocessing = 0;
		};
/* End PBXSourcesBuildPhase section */

/* Begin PBXVariantGroup section */
		03D976D91D2CD9F3000AEFA2 /* Main.storyboard */ = {
			isa = PBXVariantGroup;
			children = (
				03D976DA1D2CD9F3000AEFA2 /* Base */,
			);
			name = Main.storyboard;
			sourceTree = "<group>";
		};
		03D976E11D2CD9F3000AEFA2 /* LaunchScreen.storyboard */ = {
			isa = PBXVariantGroup;
			children = (
				03D976E21D2CD9F3000AEFA2 /* Base */,
			);
			name = LaunchScreen.storyboard;
			sourceTree = "<group>";
		};
/* End PBXVariantGroup section */

/* Begin XCBuildConfiguration section */
		03D976E51D2CD9F3000AEFA2 /* Debug */ = {
			isa = XCBuildConfiguration;
			buildSettings = {
				ALWAYS_SEARCH_USER_PATHS = NO;
				CLANG_ANALYZER_NONNULL = YES;
				CLANG_CXX_LANGUAGE_STANDARD = "gnu++0x";
				CLANG_CXX_LIBRARY = "libc++";
				CLANG_ENABLE_MODULES = YES;
				CLANG_ENABLE_OBJC_ARC = YES;
				CLANG_WARN_BOOL_CONVERSION = YES;
				CLANG_WARN_CONSTANT_CONVERSION = YES;
				CLANG_WARN_DIRECT_OBJC_ISA_USAGE = YES_ERROR;
				CLANG_WARN_EMPTY_BODY = YES;
				CLANG_WARN_ENUM_CONVERSION = YES;
				CLANG_WARN_INT_CONVERSION = YES;
				CLANG_WARN_OBJC_ROOT_CLASS = YES_ERROR;
				CLANG_WARN_UNREACHABLE_CODE = YES;
				CLANG_WARN__DUPLICATE_METHOD_MATCH = YES;
				"CODE_SIGN_IDENTITY[sdk=iphoneos*]" = "iPhone Developer";
				COPY_PHASE_STRIP = NO;
				DEBUG_INFORMATION_FORMAT = dwarf;
				ENABLE_STRICT_OBJC_MSGSEND = YES;
				ENABLE_TESTABILITY = YES;
				GCC_C_LANGUAGE_STANDARD = gnu99;
				GCC_DYNAMIC_NO_PIC = NO;
				GCC_NO_COMMON_BLOCKS = YES;
				GCC_OPTIMIZATION_LEVEL = 0;
				GCC_PREPROCESSOR_DEFINITIONS = (
					"DEBUG=1",
					"$(inherited)",
				);
				GCC_WARN_64_TO_32_BIT_CONVERSION = YES;
				GCC_WARN_ABOUT_RETURN_TYPE = YES_ERROR;
				GCC_WARN_UNDECLARED_SELECTOR = YES;
				GCC_WARN_UNINITIALIZED_AUTOS = YES_AGGRESSIVE;
				GCC_WARN_UNUSED_FUNCTION = YES;
				GCC_WARN_UNUSED_VARIABLE = YES;
				IPHONEOS_DEPLOYMENT_TARGET = 9.3;
				MTL_ENABLE_DEBUG_INFO = YES;
				ONLY_ACTIVE_ARCH = YES;
				SDKROOT = iphoneos;
				SWIFT_OPTIMIZATION_LEVEL = "-Onone";
			};
			name = Debug;
		};
		03D976E61D2CD9F3000AEFA2 /* Release */ = {
			isa = XCBuildConfiguration;
			buildSettings = {
				ALWAYS_SEARCH_USER_PATHS = NO;
				CLANG_ANALYZER_NONNULL = YES;
				CLANG_CXX_LANGUAGE_STANDARD = "gnu++0x";
				CLANG_CXX_LIBRARY = "libc++";
				CLANG_ENABLE_MODULES = YES;
				CLANG_ENABLE_OBJC_ARC = YES;
				CLANG_WARN_BOOL_CONVERSION = YES;
				CLANG_WARN_CONSTANT_CONVERSION = YES;
				CLANG_WARN_DIRECT_OBJC_ISA_USAGE = YES_ERROR;
				CLANG_WARN_EMPTY_BODY = YES;
				CLANG_WARN_ENUM_CONVERSION = YES;
				CLANG_WARN_INT_CONVERSION = YES;
				CLANG_WARN_OBJC_ROOT_CLASS = YES_ERROR;
				CLANG_WARN_UNREACHABLE_CODE = YES;
				CLANG_WARN__DUPLICATE_METHOD_MATCH = YES;
				"CODE_SIGN_IDENTITY[sdk=iphoneos*]" = "iPhone Developer";
				COPY_PHASE_STRIP = NO;
				DEBUG_INFORMATION_FORMAT = "dwarf-with-dsym";
				ENABLE_NS_ASSERTIONS = NO;
				ENABLE_STRICT_OBJC_MSGSEND = YES;
				GCC_C_LANGUAGE_STANDARD = gnu99;
				GCC_NO_COMMON_BLOCKS = YES;
				GCC_WARN_64_TO_32_BIT_CONVERSION = YES;
				GCC_WARN_ABOUT_RETURN_TYPE = YES_ERROR;
				GCC_WARN_UNDECLARED_SELECTOR = YES;
				GCC_WARN_UNINITIALIZED_AUTOS = YES_AGGRESSIVE;
				GCC_WARN_UNUSED_FUNCTION = YES;
				GCC_WARN_UNUSED_VARIABLE = YES;
				IPHONEOS_DEPLOYMENT_TARGET = 9.3;
				MTL_ENABLE_DEBUG_INFO = NO;
				SDKROOT = iphoneos;
				VALIDATE_PRODUCT = YES;
			};
			name = Release;
		};
		03D976E81D2CD9F3000AEFA2 /* Debug */ = {
			isa = XCBuildConfiguration;
			buildSettings = {
				ASSETCATALOG_COMPILER_APPICON_NAME = AppIcon;
				INFOPLIST_FILE = MAMA/Info.plist;
				LD_RUNPATH_SEARCH_PATHS = "$(inherited) @executable_path/Frameworks";
				PRODUCT_BUNDLE_IDENTIFIER = xhx.MAMA;
				PRODUCT_NAME = "$(TARGET_NAME)";
			};
			name = Debug;
		};
		03D976E91D2CD9F3000AEFA2 /* Release */ = {
			isa = XCBuildConfiguration;
			buildSettings = {
				ASSETCATALOG_COMPILER_APPICON_NAME = AppIcon;
				INFOPLIST_FILE = MAMA/Info.plist;
				LD_RUNPATH_SEARCH_PATHS = "$(inherited) @executable_path/Frameworks";
				PRODUCT_BUNDLE_IDENTIFIER = xhx.MAMA;
				PRODUCT_NAME = "$(TARGET_NAME)";
			};
			name = Release;
		};
/* End XCBuildConfiguration section */

/* Begin XCConfigurationList section */
		03D976CD1D2CD9F3000AEFA2 /* Build configuration list for PBXProject "MAMA" */ = {
			isa = XCConfigurationList;
			buildConfigurations = (
				03D976E51D2CD9F3000AEFA2 /* Debug */,
				03D976E61D2CD9F3000AEFA2 /* Release */,
			);
			defaultConfigurationIsVisible = 0;
			defaultConfigurationName = Release;
		};
		03D976E71D2CD9F3000AEFA2 /* Build configuration list for PBXNativeTarget "MAMA" */ = {
			isa = XCConfigurationList;
			buildConfigurations = (
				03D976E81D2CD9F3000AEFA2 /* Debug */,
				03D976E91D2CD9F3000AEFA2 /* Release */,
			);
			defaultConfigurationIsVisible = 0;
		};
/* End XCConfigurationList section */

/* Begin XCVersionGroup section */
		03D976DC1D2CD9F3000AEFA2 /* MAMA.xcdatamodeld */ = {
			isa = XCVersionGroup;
			children = (
				03D976DD1D2CD9F3000AEFA2 /* MAMA.xcdatamodel */,
			);
			currentVersion = 03D976DD1D2CD9F3000AEFA2 /* MAMA.xcdatamodel */;
			path = MAMA.xcdatamodeld;
			sourceTree = "<group>";
			versionGroupType = wrapper.xcdatamodel;
		};
/* End XCVersionGroup section */
	};
	rootObject = 03D976CA1D2CD9F3000AEFA2 /* Project object */;
}
